
Microsoft Visual Studio Solution File, Format Version 12.00
# Visual Studio Version 17
VisualStudioVersion = 17.5.002.0
MinimumVisualStudioVersion = 10.0.40219.1
Project("{9A19103F-16F7-4668-BE54-9A1E7A4F7556}") = "InheritanceExample", "InheritanceExample\InheritanceExample.csproj", "{3198C404-1F0A-485D-B3F6-D25F9B9A1957}"
EndProject
Global
	GlobalSection(SolutionConfigurationPlatforms) = preSolution
		Debug|Any CPU = Debug|Any CPU
		Release|Any CPU = Release|Any CPU
	EndGlobalSection
	GlobalSection(ProjectConfigurationPlatforms) = postSolution
		{3198C404-1F0A-485D-B3F6-D25F9B9A1957}.Debug|Any CPU.ActiveCfg = Debug|Any CPU
		{3198C404-1F0A-485D-B3F6-D25F9B9A1957}.Debug|Any CPU.Build.0 = Debug|Any CPU
		{3198C404-1F0A-485D-B3F6-D25F9B9A1957}.Release|Any CPU.ActiveCfg = Release|Any CPU
		{3198C404-1F0A-485D-B3F6-D25F9B9A1957}.Release|Any CPU.Build.0 = Release|Any CPU
	EndGlobalSection
	GlobalSection(SolutionProperties) = preSolution
		HideSolutionNode = FALSE
	EndGlobalSection
	GlobalSection(ExtensibilityGlobals) = postSolution
		SolutionGuid = {3E62CFDF-1721-40C5-8E1C-DF9130B56F5F}
	EndGlobalSection
EndGlobal
